
Microsoft Visual Studio Solution File, Format Version 12.00
# Visual Studio Version 17
VisualStudioVersion = 17.0.31903.59
MinimumVisualStudioVersion = 10.0.40219.1
Project("{2150E333-8FDC-42A3-9474-1A3956D46DE8}") = "Lab1", "Lab1", "{50689F37-95B3-42BA-B527-D0F4506492FE}"
EndProject
Project("{FAE04EC0-301F-11D3-BF4B-00C04F79EFBC}") = "App", "Lab1\App\App.csproj", "{DB3C71FB-1E94-45B1-94C9-5F9FEB58B742}"
EndProject
Project("{FAE04EC0-301F-11D3-BF4B-00C04F79EFBC}") = "Tests", "Lab1\Tests\Tests.csproj", "{75C80144-6B03-466B-9B0C-7EBB9505D689}"
EndProject
Project("{2150E333-8FDC-42A3-9474-1A3956D46DE8}") = "Lab2", "Lab2", "{B670AED2-460B-42A6-A620-CFFDC2408ECD}"
	ProjectSection(SolutionItems) = preProject
		Lab2\INPUT.TXT = Lab2\INPUT.TXT
		Lab2\README.md = Lab2\README.md
	EndProjectSection
EndProject
Project("{FAE04EC0-301F-11D3-BF4B-00C04F79EFBC}") = "App", "Lab2\App\App.csproj", "{FB5AB4CC-4DBE-446E-BA48-6E2EA9E144AC}"
EndProject
Project("{FAE04EC0-301F-11D3-BF4B-00C04F79EFBC}") = "Tests", "Lab2\Tests\Tests.csproj", "{8741B0E8-F886-4CF6-8CF5-F18BE7938D1B}"
EndProject
Project("{2150E333-8FDC-42A3-9474-1A3956D46DE8}") = "Lab3", "Lab3", "{37372D3D-EDCC-4576-8EEB-B23901CA58E3}"
	ProjectSection(SolutionItems) = preProject
		Lab3\INPUT.TXT = Lab3\INPUT.TXT
		Lab3\README.md = Lab3\README.md
		Lab3\baget.env = Lab3\baget.env
		Lab4\docker-compose.yml = Lab4\docker-compose.yml
	EndProjectSection
EndProject
Project("{FAE04EC0-301F-11D3-BF4B-00C04F79EFBC}") = "App", "Lab3\App\App.csproj", "{926548AC-8288-4469-82C4-D761F0D1CCF4}"
EndProject
Project("{FAE04EC0-301F-11D3-BF4B-00C04F79EFBC}") = "Tests", "Lab3\Tests\Tests.csproj", "{2E9E8E10-FA79-478A-928E-0069FAF09FA9}"
EndProject
Project("{2150E333-8FDC-42A3-9474-1A3956D46DE8}") = "Lab4", "Lab4", "{B102AA37-9557-43B1-B3EB-C0B1A34B82E8}"
	ProjectSection(SolutionItems) = preProject
		Lab4\Vagrantfile = Lab4\Vagrantfile
		Lab4\README.md = Lab4\README.md
		Lab4\baget.env = Lab4\baget.env
		Lab4\docker-compose.yml = Lab4\docker-compose.yml
	EndProjectSection
EndProject
Project("{FAE04EC0-301F-11D3-BF4B-00C04F79EFBC}") = "ClassLib", "Lab4\ClassLib\ClassLib.csproj", "{D16D056E-97F9-4380-A18C-CC9770A02D53}"
EndProject
Project("{FAE04EC0-301F-11D3-BF4B-00C04F79EFBC}") = "App", "Lab4\App\Y_Andreieva.csproj", "{09B21CE1-E7DD-4081-BE26-7EB04C8F67B4}"
EndProject
Project("{2150E333-8FDC-42A3-9474-1A3956D46DE8}") = "Lab5", "Lab5", "{9BE0B404-0E76-4F55-9706-F0F1419E09DC}"
	ProjectSection(SolutionItems) = preProject
		Lab5\Vagrantfile = Lab5\Vagrantfile
		Lab5\README.md = Lab5\README.md
	EndProjectSection
EndProject
Project("{FAE04EC0-301F-11D3-BF4B-00C04F79EFBC}") = "App", "Lab5\App\App.csproj", "{39FDBDEB-1C8B-4EF7-85F1-188AA39EBF98}"
EndProject
Project("{FAE04EC0-301F-11D3-BF4B-00C04F79EFBC}") = "ClassLib", "Lab5\ClassLib\ClassLib.csproj", "{BAF07632-ACD6-47AE-996A-DA42F49EE8D0}"
EndProject
Project("{2150E333-8FDC-42A3-9474-1A3956D46DE8}") = "Lab6", "Lab6", "{5FC4521D-8544-491F-B004-032C1AB09977}"
	ProjectSection(SolutionItems) = preProject
		Lab6\README.md = Lab6\README.md
		Lab6\Vagrantfile = Lab6\Vagrantfile
	EndProjectSection
EndProject
Project("{FAE04EC0-301F-11D3-BF4B-00C04F79EFBC}") = "App.Models", "Lab6\App.Models\App.Models.csproj", "{98ED4032-999E-42A9-8223-D4E8C99632C2}"
EndProject
Project("{FAE04EC0-301F-11D3-BF4B-00C04F79EFBC}") = "App.SQLite", "Lab6\App.SQLite\App.SQLite.csproj", "{F20ACE47-6BF8-4B71-B1BB-FD20A2F3D11B}"
EndProject
Project("{FAE04EC0-301F-11D3-BF4B-00C04F79EFBC}") = "App", "Lab6\App\App.csproj", "{C8DAB9DA-695F-4ED4-86AE-8C0CE8A244FB}"
EndProject
Project("{2150E333-8FDC-42A3-9474-1A3956D46DE8}") = "Lab5", "Lab5", "{AAB87C72-5C8C-4A55-8AAC-48135EFB9936}"
EndProject
Project("{FAE04EC0-301F-11D3-BF4B-00C04F79EFBC}") = "App", "Lab6\Lab5\App\App.csproj", "{F4512291-AC48-40DC-9232-F959C07A444B}"
EndProject
Project("{FAE04EC0-301F-11D3-BF4B-00C04F79EFBC}") = "ClassLib", "Lab6\Lab5\ClassLib\ClassLib.csproj", "{1612BAA7-8A38-4868-9383-A4F26FD0093E}"
EndProject
Project("{FAE04EC0-301F-11D3-BF4B-00C04F79EFBC}") = "App.SqlServer", "Lab6\App.SqlServer\App.SqlServer.csproj", "{D7242650-0159-47B2-8F3D-5520FEF33ACD}"
EndProject
Project("{FAE04EC0-301F-11D3-BF4B-00C04F79EFBC}") = "App.Postgres", "Lab6\App.Postgres\App.Postgres.csproj", "{D487BE65-9AF7-4448-96CD-62A3AB70F9FE}"
EndProject
Project("{FAE04EC0-301F-11D3-BF4B-00C04F79EFBC}") = "Y_Andreieva", "Lab3\Y_Andreieva\Y_Andreieva.csproj", "{921C6E4C-4F65-4E6E-959E-50683E4C10D9}"
EndProject
Global
	GlobalSection(SolutionConfigurationPlatforms) = preSolution
		Debug|Any CPU = Debug|Any CPU
		Release|Any CPU = Release|Any CPU
	EndGlobalSection
	GlobalSection(SolutionProperties) = preSolution
		HideSolutionNode = FALSE
	EndGlobalSection
	GlobalSection(ProjectConfigurationPlatforms) = postSolution
		{DB3C71FB-1E94-45B1-94C9-5F9FEB58B742}.Debug|Any CPU.ActiveCfg = Debug|Any CPU
		{DB3C71FB-1E94-45B1-94C9-5F9FEB58B742}.Debug|Any CPU.Build.0 = Debug|Any CPU
		{DB3C71FB-1E94-45B1-94C9-5F9FEB58B742}.Release|Any CPU.ActiveCfg = Release|Any CPU
		{DB3C71FB-1E94-45B1-94C9-5F9FEB58B742}.Release|Any CPU.Build.0 = Release|Any CPU
		{75C80144-6B03-466B-9B0C-7EBB9505D689}.Debug|Any CPU.ActiveCfg = Debug|Any CPU
		{75C80144-6B03-466B-9B0C-7EBB9505D689}.Debug|Any CPU.Build.0 = Debug|Any CPU
		{75C80144-6B03-466B-9B0C-7EBB9505D689}.Release|Any CPU.ActiveCfg = Release|Any CPU
		{75C80144-6B03-466B-9B0C-7EBB9505D689}.Release|Any CPU.Build.0 = Release|Any CPU
		{FB5AB4CC-4DBE-446E-BA48-6E2EA9E144AC}.Debug|Any CPU.ActiveCfg = Debug|Any CPU
		{FB5AB4CC-4DBE-446E-BA48-6E2EA9E144AC}.Debug|Any CPU.Build.0 = Debug|Any CPU
		{FB5AB4CC-4DBE-446E-BA48-6E2EA9E144AC}.Release|Any CPU.ActiveCfg = Release|Any CPU
		{FB5AB4CC-4DBE-446E-BA48-6E2EA9E144AC}.Release|Any CPU.Build.0 = Release|Any CPU
		{8741B0E8-F886-4CF6-8CF5-F18BE7938D1B}.Debug|Any CPU.ActiveCfg = Debug|Any CPU
		{8741B0E8-F886-4CF6-8CF5-F18BE7938D1B}.Debug|Any CPU.Build.0 = Debug|Any CPU
		{8741B0E8-F886-4CF6-8CF5-F18BE7938D1B}.Release|Any CPU.ActiveCfg = Release|Any CPU
		{8741B0E8-F886-4CF6-8CF5-F18BE7938D1B}.Release|Any CPU.Build.0 = Release|Any CPU
		{926548AC-8288-4469-82C4-D761F0D1CCF4}.Debug|Any CPU.ActiveCfg = Debug|Any CPU
		{926548AC-8288-4469-82C4-D761F0D1CCF4}.Debug|Any CPU.Build.0 = Debug|Any CPU
		{926548AC-8288-4469-82C4-D761F0D1CCF4}.Release|Any CPU.ActiveCfg = Release|Any CPU
		{926548AC-8288-4469-82C4-D761F0D1CCF4}.Release|Any CPU.Build.0 = Release|Any CPU
		{2E9E8E10-FA79-478A-928E-0069FAF09FA9}.Debug|Any CPU.ActiveCfg = Debug|Any CPU
		{2E9E8E10-FA79-478A-928E-0069FAF09FA9}.Debug|Any CPU.Build.0 = Debug|Any CPU
		{2E9E8E10-FA79-478A-928E-0069FAF09FA9}.Release|Any CPU.ActiveCfg = Release|Any CPU
		{2E9E8E10-FA79-478A-928E-0069FAF09FA9}.Release|Any CPU.Build.0 = Release|Any CPU
		{D16D056E-97F9-4380-A18C-CC9770A02D53}.Debug|Any CPU.ActiveCfg = Debug|Any CPU
		{D16D056E-97F9-4380-A18C-CC9770A02D53}.Debug|Any CPU.Build.0 = Debug|Any CPU
		{D16D056E-97F9-4380-A18C-CC9770A02D53}.Release|Any CPU.ActiveCfg = Release|Any CPU
		{D16D056E-97F9-4380-A18C-CC9770A02D53}.Release|Any CPU.Build.0 = Release|Any CPU
		{09B21CE1-E7DD-4081-BE26-7EB04C8F67B4}.Debug|Any CPU.ActiveCfg = Debug|Any CPU
		{09B21CE1-E7DD-4081-BE26-7EB04C8F67B4}.Debug|Any CPU.Build.0 = Debug|Any CPU
		{09B21CE1-E7DD-4081-BE26-7EB04C8F67B4}.Release|Any CPU.ActiveCfg = Release|Any CPU
		{09B21CE1-E7DD-4081-BE26-7EB04C8F67B4}.Release|Any CPU.Build.0 = Release|Any CPU
		{39FDBDEB-1C8B-4EF7-85F1-188AA39EBF98}.Debug|Any CPU.ActiveCfg = Debug|Any CPU
		{39FDBDEB-1C8B-4EF7-85F1-188AA39EBF98}.Debug|Any CPU.Build.0 = Debug|Any CPU
		{39FDBDEB-1C8B-4EF7-85F1-188AA39EBF98}.Release|Any CPU.ActiveCfg = Release|Any CPU
		{39FDBDEB-1C8B-4EF7-85F1-188AA39EBF98}.Release|Any CPU.Build.0 = Release|Any CPU
		{BAF07632-ACD6-47AE-996A-DA42F49EE8D0}.Debug|Any CPU.ActiveCfg = Debug|Any CPU
		{BAF07632-ACD6-47AE-996A-DA42F49EE8D0}.Debug|Any CPU.Build.0 = Debug|Any CPU
		{BAF07632-ACD6-47AE-996A-DA42F49EE8D0}.Release|Any CPU.ActiveCfg = Release|Any CPU
		{BAF07632-ACD6-47AE-996A-DA42F49EE8D0}.Release|Any CPU.Build.0 = Release|Any CPU
		{98ED4032-999E-42A9-8223-D4E8C99632C2}.Debug|Any CPU.ActiveCfg = Debug|Any CPU
		{98ED4032-999E-42A9-8223-D4E8C99632C2}.Debug|Any CPU.Build.0 = Debug|Any CPU
		{98ED4032-999E-42A9-8223-D4E8C99632C2}.Release|Any CPU.ActiveCfg = Release|Any CPU
		{98ED4032-999E-42A9-8223-D4E8C99632C2}.Release|Any CPU.Build.0 = Release|Any CPU
		{F20ACE47-6BF8-4B71-B1BB-FD20A2F3D11B}.Debug|Any CPU.ActiveCfg = Debug|Any CPU
		{F20ACE47-6BF8-4B71-B1BB-FD20A2F3D11B}.Debug|Any CPU.Build.0 = Debug|Any CPU
		{F20ACE47-6BF8-4B71-B1BB-FD20A2F3D11B}.Release|Any CPU.ActiveCfg = Release|Any CPU
		{F20ACE47-6BF8-4B71-B1BB-FD20A2F3D11B}.Release|Any CPU.Build.0 = Release|Any CPU
		{C8DAB9DA-695F-4ED4-86AE-8C0CE8A244FB}.Debug|Any CPU.ActiveCfg = Debug|Any CPU
		{C8DAB9DA-695F-4ED4-86AE-8C0CE8A244FB}.Debug|Any CPU.Build.0 = Debug|Any CPU
		{C8DAB9DA-695F-4ED4-86AE-8C0CE8A244FB}.Release|Any CPU.ActiveCfg = Release|Any CPU
		{C8DAB9DA-695F-4ED4-86AE-8C0CE8A244FB}.Release|Any CPU.Build.0 = Release|Any CPU
		{F4512291-AC48-40DC-9232-F959C07A444B}.Debug|Any CPU.ActiveCfg = Debug|Any CPU
		{F4512291-AC48-40DC-9232-F959C07A444B}.Debug|Any CPU.Build.0 = Debug|Any CPU
		{F4512291-AC48-40DC-9232-F959C07A444B}.Release|Any CPU.ActiveCfg = Release|Any CPU
		{F4512291-AC48-40DC-9232-F959C07A444B}.Release|Any CPU.Build.0 = Release|Any CPU
		{1612BAA7-8A38-4868-9383-A4F26FD0093E}.Debug|Any CPU.ActiveCfg = Debug|Any CPU
		{1612BAA7-8A38-4868-9383-A4F26FD0093E}.Debug|Any CPU.Build.0 = Debug|Any CPU
		{1612BAA7-8A38-4868-9383-A4F26FD0093E}.Release|Any CPU.ActiveCfg = Release|Any CPU
		{1612BAA7-8A38-4868-9383-A4F26FD0093E}.Release|Any CPU.Build.0 = Release|Any CPU
		{D7242650-0159-47B2-8F3D-5520FEF33ACD}.Debug|Any CPU.ActiveCfg = Debug|Any CPU
		{D7242650-0159-47B2-8F3D-5520FEF33ACD}.Debug|Any CPU.Build.0 = Debug|Any CPU
		{D7242650-0159-47B2-8F3D-5520FEF33ACD}.Release|Any CPU.ActiveCfg = Release|Any CPU
		{D7242650-0159-47B2-8F3D-5520FEF33ACD}.Release|Any CPU.Build.0 = Release|Any CPU
		{D487BE65-9AF7-4448-96CD-62A3AB70F9FE}.Debug|Any CPU.ActiveCfg = Debug|Any CPU
		{D487BE65-9AF7-4448-96CD-62A3AB70F9FE}.Debug|Any CPU.Build.0 = Debug|Any CPU
		{D487BE65-9AF7-4448-96CD-62A3AB70F9FE}.Release|Any CPU.ActiveCfg = Release|Any CPU
		{D487BE65-9AF7-4448-96CD-62A3AB70F9FE}.Release|Any CPU.Build.0 = Release|Any CPU
		{921C6E4C-4F65-4E6E-959E-50683E4C10D9}.Debug|Any CPU.ActiveCfg = Debug|Any CPU
		{921C6E4C-4F65-4E6E-959E-50683E4C10D9}.Debug|Any CPU.Build.0 = Debug|Any CPU
		{921C6E4C-4F65-4E6E-959E-50683E4C10D9}.Release|Any CPU.ActiveCfg = Release|Any CPU
		{921C6E4C-4F65-4E6E-959E-50683E4C10D9}.Release|Any CPU.Build.0 = Release|Any CPU
	EndGlobalSection
	GlobalSection(NestedProjects) = preSolution
		{DB3C71FB-1E94-45B1-94C9-5F9FEB58B742} = {50689F37-95B3-42BA-B527-D0F4506492FE}
		{75C80144-6B03-466B-9B0C-7EBB9505D689} = {50689F37-95B3-42BA-B527-D0F4506492FE}
		{FB5AB4CC-4DBE-446E-BA48-6E2EA9E144AC} = {B670AED2-460B-42A6-A620-CFFDC2408ECD}
		{8741B0E8-F886-4CF6-8CF5-F18BE7938D1B} = {B670AED2-460B-42A6-A620-CFFDC2408ECD}
		{926548AC-8288-4469-82C4-D761F0D1CCF4} = {37372D3D-EDCC-4576-8EEB-B23901CA58E3}
		{2E9E8E10-FA79-478A-928E-0069FAF09FA9} = {37372D3D-EDCC-4576-8EEB-B23901CA58E3}
		{D16D056E-97F9-4380-A18C-CC9770A02D53} = {B102AA37-9557-43B1-B3EB-C0B1A34B82E8}
		{09B21CE1-E7DD-4081-BE26-7EB04C8F67B4} = {B102AA37-9557-43B1-B3EB-C0B1A34B82E8}
		{39FDBDEB-1C8B-4EF7-85F1-188AA39EBF98} = {9BE0B404-0E76-4F55-9706-F0F1419E09DC}
		{BAF07632-ACD6-47AE-996A-DA42F49EE8D0} = {9BE0B404-0E76-4F55-9706-F0F1419E09DC}
		{98ED4032-999E-42A9-8223-D4E8C99632C2} = {5FC4521D-8544-491F-B004-032C1AB09977}
		{F20ACE47-6BF8-4B71-B1BB-FD20A2F3D11B} = {5FC4521D-8544-491F-B004-032C1AB09977}
		{C8DAB9DA-695F-4ED4-86AE-8C0CE8A244FB} = {5FC4521D-8544-491F-B004-032C1AB09977}
		{AAB87C72-5C8C-4A55-8AAC-48135EFB9936} = {5FC4521D-8544-491F-B004-032C1AB09977}
		{F4512291-AC48-40DC-9232-F959C07A444B} = {AAB87C72-5C8C-4A55-8AAC-48135EFB9936}
		{1612BAA7-8A38-4868-9383-A4F26FD0093E} = {AAB87C72-5C8C-4A55-8AAC-48135EFB9936}
		{D7242650-0159-47B2-8F3D-5520FEF33ACD} = {5FC4521D-8544-491F-B004-032C1AB09977}
		{D487BE65-9AF7-4448-96CD-62A3AB70F9FE} = {5FC4521D-8544-491F-B004-032C1AB09977}
		{921C6E4C-4F65-4E6E-959E-50683E4C10D9} = {37372D3D-EDCC-4576-8EEB-B23901CA58E3}
	EndGlobalSection
EndGlobal
