
Microsoft Visual Studio Solution File, Format Version 12.00
# Visual Studio Version 17
VisualStudioVersion = 17.0.31903.59
MinimumVisualStudioVersion = 10.0.40219.1
Project("{2150E333-8FDC-42A3-9474-1A3956D46DE8}") = "Lab1", "Lab1", "{50689F37-95B3-42BA-B527-D0F4506492FE}"
EndProject
Project("{FAE04EC0-301F-11D3-BF4B-00C04F79EFBC}") = "App", "Lab1\App\App.csproj", "{DB3C71FB-1E94-45B1-94C9-5F9FEB58B742}"
EndProject
Project("{FAE04EC0-301F-11D3-BF4B-00C04F79EFBC}") = "Tests", "Lab1\Tests\Tests.csproj", "{75C80144-6B03-466B-9B0C-7EBB9505D689}"
EndProject
Project("{2150E333-8FDC-42A3-9474-1A3956D46DE8}") = "Lab2", "Lab2", "{B670AED2-460B-42A6-A620-CFFDC2408ECD}"
	ProjectSection(SolutionItems) = preProject
		Lab2\INPUT.TXT = Lab2\INPUT.TXT
	EndProjectSection
EndProject
Project("{FAE04EC0-301F-11D3-BF4B-00C04F79EFBC}") = "App", "Lab2\App\App.csproj", "{FB5AB4CC-4DBE-446E-BA48-6E2EA9E144AC}"
EndProject
Project("{FAE04EC0-301F-11D3-BF4B-00C04F79EFBC}") = "Tests", "Lab2\Tests\Tests.csproj", "{8741B0E8-F886-4CF6-8CF5-F18BE7938D1B}"
EndProject
Project("{2150E333-8FDC-42A3-9474-1A3956D46DE8}") = "Lab3", "Lab3", "{37372D3D-EDCC-4576-8EEB-B23901CA58E3}"
	ProjectSection(SolutionItems) = preProject
		Lab3\INPUT.TXT = Lab3\INPUT.TXT
	EndProjectSection
EndProject
Project("{FAE04EC0-301F-11D3-BF4B-00C04F79EFBC}") = "App", "Lab3\App\App.csproj", "{926548AC-8288-4469-82C4-D761F0D1CCF4}"
EndProject
Project("{FAE04EC0-301F-11D3-BF4B-00C04F79EFBC}") = "Tests", "Lab3\Tests\Tests.csproj", "{2E9E8E10-FA79-478A-928E-0069FAF09FA9}"
EndProject
Global
	GlobalSection(SolutionConfigurationPlatforms) = preSolution
		Debug|Any CPU = Debug|Any CPU
		Release|Any CPU = Release|Any CPU
	EndGlobalSection
	GlobalSection(SolutionProperties) = preSolution
		HideSolutionNode = FALSE
	EndGlobalSection
	GlobalSection(ProjectConfigurationPlatforms) = postSolution
		{DB3C71FB-1E94-45B1-94C9-5F9FEB58B742}.Debug|Any CPU.ActiveCfg = Debug|Any CPU
		{DB3C71FB-1E94-45B1-94C9-5F9FEB58B742}.Debug|Any CPU.Build.0 = Debug|Any CPU
		{DB3C71FB-1E94-45B1-94C9-5F9FEB58B742}.Release|Any CPU.ActiveCfg = Release|Any CPU
		{DB3C71FB-1E94-45B1-94C9-5F9FEB58B742}.Release|Any CPU.Build.0 = Release|Any CPU
		{75C80144-6B03-466B-9B0C-7EBB9505D689}.Debug|Any CPU.ActiveCfg = Debug|Any CPU
		{75C80144-6B03-466B-9B0C-7EBB9505D689}.Debug|Any CPU.Build.0 = Debug|Any CPU
		{75C80144-6B03-466B-9B0C-7EBB9505D689}.Release|Any CPU.ActiveCfg = Release|Any CPU
		{75C80144-6B03-466B-9B0C-7EBB9505D689}.Release|Any CPU.Build.0 = Release|Any CPU
		{FB5AB4CC-4DBE-446E-BA48-6E2EA9E144AC}.Debug|Any CPU.ActiveCfg = Debug|Any CPU
		{FB5AB4CC-4DBE-446E-BA48-6E2EA9E144AC}.Debug|Any CPU.Build.0 = Debug|Any CPU
		{FB5AB4CC-4DBE-446E-BA48-6E2EA9E144AC}.Release|Any CPU.ActiveCfg = Release|Any CPU
		{FB5AB4CC-4DBE-446E-BA48-6E2EA9E144AC}.Release|Any CPU.Build.0 = Release|Any CPU
		{8741B0E8-F886-4CF6-8CF5-F18BE7938D1B}.Debug|Any CPU.ActiveCfg = Debug|Any CPU
		{8741B0E8-F886-4CF6-8CF5-F18BE7938D1B}.Debug|Any CPU.Build.0 = Debug|Any CPU
		{8741B0E8-F886-4CF6-8CF5-F18BE7938D1B}.Release|Any CPU.ActiveCfg = Release|Any CPU
		{8741B0E8-F886-4CF6-8CF5-F18BE7938D1B}.Release|Any CPU.Build.0 = Release|Any CPU
		{926548AC-8288-4469-82C4-D761F0D1CCF4}.Debug|Any CPU.ActiveCfg = Debug|Any CPU
		{926548AC-8288-4469-82C4-D761F0D1CCF4}.Debug|Any CPU.Build.0 = Debug|Any CPU
		{926548AC-8288-4469-82C4-D761F0D1CCF4}.Release|Any CPU.ActiveCfg = Release|Any CPU
		{926548AC-8288-4469-82C4-D761F0D1CCF4}.Release|Any CPU.Build.0 = Release|Any CPU
		{2E9E8E10-FA79-478A-928E-0069FAF09FA9}.Debug|Any CPU.ActiveCfg = Debug|Any CPU
		{2E9E8E10-FA79-478A-928E-0069FAF09FA9}.Debug|Any CPU.Build.0 = Debug|Any CPU
		{2E9E8E10-FA79-478A-928E-0069FAF09FA9}.Release|Any CPU.ActiveCfg = Release|Any CPU
		{2E9E8E10-FA79-478A-928E-0069FAF09FA9}.Release|Any CPU.Build.0 = Release|Any CPU
	EndGlobalSection
	GlobalSection(NestedProjects) = preSolution
		{DB3C71FB-1E94-45B1-94C9-5F9FEB58B742} = {50689F37-95B3-42BA-B527-D0F4506492FE}
		{75C80144-6B03-466B-9B0C-7EBB9505D689} = {50689F37-95B3-42BA-B527-D0F4506492FE}
		{FB5AB4CC-4DBE-446E-BA48-6E2EA9E144AC} = {B670AED2-460B-42A6-A620-CFFDC2408ECD}
		{8741B0E8-F886-4CF6-8CF5-F18BE7938D1B} = {B670AED2-460B-42A6-A620-CFFDC2408ECD}
		{926548AC-8288-4469-82C4-D761F0D1CCF4} = {37372D3D-EDCC-4576-8EEB-B23901CA58E3}
		{2E9E8E10-FA79-478A-928E-0069FAF09FA9} = {37372D3D-EDCC-4576-8EEB-B23901CA58E3}
	EndGlobalSection
EndGlobal
